
Microsoft Visual Studio Solution File, Format Version 12.00
# Visual Studio 15
VisualStudioVersion = 15.0.28307.271
MinimumVisualStudioVersion = 10.0.40219.1
Project("{FAE04EC0-301F-11D3-BF4B-00C04F79EFBC}") = "Caixa", "Caixa\Caixa.csproj", "{15D9DCBA-0CF5-460A-AE02-02DAB0DE00A6}"
EndProject
Project("{FAE04EC0-301F-11D3-BF4B-00C04F79EFBC}") = "TestCaixa", "TestCaixa\TestCaixa.csproj", "{C471551F-79AD-47C4-A2E3-9F68C8140508}"
EndProject
Global
	GlobalSection(SolutionConfigurationPlatforms) = preSolution
		Debug|Any CPU = Debug|Any CPU
		Release|Any CPU = Release|Any CPU
	EndGlobalSection
	GlobalSection(ProjectConfigurationPlatforms) = postSolution
		{15D9DCBA-0CF5-460A-AE02-02DAB0DE00A6}.Debug|Any CPU.ActiveCfg = Debug|Any CPU
		{15D9DCBA-0CF5-460A-AE02-02DAB0DE00A6}.Debug|Any CPU.Build.0 = Debug|Any CPU
		{15D9DCBA-0CF5-460A-AE02-02DAB0DE00A6}.Release|Any CPU.ActiveCfg = Release|Any CPU
		{15D9DCBA-0CF5-460A-AE02-02DAB0DE00A6}.Release|Any CPU.Build.0 = Release|Any CPU
		{C471551F-79AD-47C4-A2E3-9F68C8140508}.Debug|Any CPU.ActiveCfg = Debug|Any CPU
		{C471551F-79AD-47C4-A2E3-9F68C8140508}.Debug|Any CPU.Build.0 = Debug|Any CPU
		{C471551F-79AD-47C4-A2E3-9F68C8140508}.Release|Any CPU.ActiveCfg = Release|Any CPU
		{C471551F-79AD-47C4-A2E3-9F68C8140508}.Release|Any CPU.Build.0 = Release|Any CPU
	EndGlobalSection
	GlobalSection(SolutionProperties) = preSolution
		HideSolutionNode = FALSE
	EndGlobalSection
	GlobalSection(ExtensibilityGlobals) = postSolution
		SolutionGuid = {DC911D8D-BEF7-4ACF-93F3-EE33BACDF98D}
	EndGlobalSection
EndGlobal
